// !$*UTF8*$!
{
	archiveVersion = 1;
	classes = {
	};
	objectVersion = 50;
	objects = {

/* Begin PBXBuildFile section */
		2916EE49252CB224000E6ACE /* MorpheusTechTask.xcdatamodeld in Sources */ = {isa = PBXBuildFile; fileRef = 2916EE47252CB224000E6ACE /* MorpheusTechTask.xcdatamodeld */; };
		2916EE4F252CB2E8000E6ACE /* Authorization+CoreDataClass.swift in Sources */ = {isa = PBXBuildFile; fileRef = 2916EE4D252CB2E8000E6ACE /* Authorization+CoreDataClass.swift */; };
		2916EE50252CB2E8000E6ACE /* Authorization+CoreDataProperties.swift in Sources */ = {isa = PBXBuildFile; fileRef = 2916EE4E252CB2E8000E6ACE /* Authorization+CoreDataProperties.swift */; };
		293FC328252DA77700DD7757 /* ProfileViewModelTests.swift in Sources */ = {isa = PBXBuildFile; fileRef = 293FC327252DA77700DD7757 /* ProfileViewModelTests.swift */; };
		293FC363252DB04300DD7757 /* CoreDataServiceTests.swift in Sources */ = {isa = PBXBuildFile; fileRef = 293FC362252DB04300DD7757 /* CoreDataServiceTests.swift */; };
		293FC36E252DB17000DD7757 /* CoreDataService.swift in Sources */ = {isa = PBXBuildFile; fileRef = 293FC36D252DB17000DD7757 /* CoreDataService.swift */; };
		29756C08252D01FF00DF6704 /* Constants.swift in Sources */ = {isa = PBXBuildFile; fileRef = 29756C07252D01FF00DF6704 /* Constants.swift */; };
		29756C5F252D967C00DF6704 /* CustomErrors.swift in Sources */ = {isa = PBXBuildFile; fileRef = 29756C5E252D967C00DF6704 /* CustomErrors.swift */; };
		29756C65252D96A400DF6704 /* UIImageView.swift in Sources */ = {isa = PBXBuildFile; fileRef = 29756C64252D96A400DF6704 /* UIImageView.swift */; };
		29756C6E252D972A00DF6704 /* SessionAuthorization.swift in Sources */ = {isa = PBXBuildFile; fileRef = 29756C6D252D972A00DF6704 /* SessionAuthorization.swift */; };
		29756C73252D976600DF6704 /* ProfileList.swift in Sources */ = {isa = PBXBuildFile; fileRef = 29756C72252D976600DF6704 /* ProfileList.swift */; };
		29756CAB252DA59700DF6704 /* LogInViewModelTests.swift in Sources */ = {isa = PBXBuildFile; fileRef = 29756CAA252DA59700DF6704 /* LogInViewModelTests.swift */; };
		2998719A252C6531000D86BC /* ProfileViewModel.swift in Sources */ = {isa = PBXBuildFile; fileRef = 29987199252C6531000D86BC /* ProfileViewModel.swift */; };
		29EB01FD252B623400DA8EA3 /* AppDelegate.swift in Sources */ = {isa = PBXBuildFile; fileRef = 29EB01FC252B623400DA8EA3 /* AppDelegate.swift */; };
		29EB01FF252B623400DA8EA3 /* SceneDelegate.swift in Sources */ = {isa = PBXBuildFile; fileRef = 29EB01FE252B623400DA8EA3 /* SceneDelegate.swift */; };
		29EB0201252B623400DA8EA3 /* ViewController.swift in Sources */ = {isa = PBXBuildFile; fileRef = 29EB0200252B623400DA8EA3 /* ViewController.swift */; };
		29EB0204252B623400DA8EA3 /* Main.storyboard in Resources */ = {isa = PBXBuildFile; fileRef = 29EB0202252B623400DA8EA3 /* Main.storyboard */; };
		29EB0206252B623600DA8EA3 /* Assets.xcassets in Resources */ = {isa = PBXBuildFile; fileRef = 29EB0205252B623600DA8EA3 /* Assets.xcassets */; };
		29EB0209252B623600DA8EA3 /* LaunchScreen.storyboard in Resources */ = {isa = PBXBuildFile; fileRef = 29EB0207252B623600DA8EA3 /* LaunchScreen.storyboard */; };
		29EB021F252B623600DA8EA3 /* MorpheusTechTaskUITests.swift in Sources */ = {isa = PBXBuildFile; fileRef = 29EB021E252B623600DA8EA3 /* MorpheusTechTaskUITests.swift */; };
		29EB0232252B64A400DA8EA3 /* LogInViewController.swift in Sources */ = {isa = PBXBuildFile; fileRef = 29EB0230252B64A400DA8EA3 /* LogInViewController.swift */; };
		29EB0233252B64A400DA8EA3 /* LogInViewController.xib in Resources */ = {isa = PBXBuildFile; fileRef = 29EB0231252B64A400DA8EA3 /* LogInViewController.xib */; };
		29EB023B252B64BF00DA8EA3 /* LogInViewModel.swift in Sources */ = {isa = PBXBuildFile; fileRef = 29EB023A252B64BF00DA8EA3 /* LogInViewModel.swift */; };
		29EB025B252C62E100DA8EA3 /* ProfileListViewController.swift in Sources */ = {isa = PBXBuildFile; fileRef = 29EB0259252C62E100DA8EA3 /* ProfileListViewController.swift */; };
		29EB025C252C62E100DA8EA3 /* ProfileListViewController.xib in Resources */ = {isa = PBXBuildFile; fileRef = 29EB025A252C62E100DA8EA3 /* ProfileListViewController.xib */; };
		29EB0267252C63E600DA8EA3 /* ProfileTableViewCell.swift in Sources */ = {isa = PBXBuildFile; fileRef = 29EB0265252C63E600DA8EA3 /* ProfileTableViewCell.swift */; };
		29EB0268252C63E600DA8EA3 /* ProfileTableViewCell.xib in Resources */ = {isa = PBXBuildFile; fileRef = 29EB0266252C63E600DA8EA3 /* ProfileTableViewCell.xib */; };
/* End PBXBuildFile section */

/* Begin PBXContainerItemProxy section */
		29EB0210252B623600DA8EA3 /* PBXContainerItemProxy */ = {
			isa = PBXContainerItemProxy;
			containerPortal = 29EB01F1252B623400DA8EA3 /* Project object */;
			proxyType = 1;
			remoteGlobalIDString = 29EB01F8252B623400DA8EA3;
			remoteInfo = MorpheusTechTask;
		};
		29EB021B252B623600DA8EA3 /* PBXContainerItemProxy */ = {
			isa = PBXContainerItemProxy;
			containerPortal = 29EB01F1252B623400DA8EA3 /* Project object */;
			proxyType = 1;
			remoteGlobalIDString = 29EB01F8252B623400DA8EA3;
			remoteInfo = MorpheusTechTask;
		};
/* End PBXContainerItemProxy section */

/* Begin PBXFileReference section */
		2916EE48252CB224000E6ACE /* AuthToken.xcdatamodel */ = {isa = PBXFileReference; lastKnownFileType = wrapper.xcdatamodel; path = AuthToken.xcdatamodel; sourceTree = "<group>"; };
		2916EE4D252CB2E8000E6ACE /* Authorization+CoreDataClass.swift */ = {isa = PBXFileReference; lastKnownFileType = sourcecode.swift; path = "Authorization+CoreDataClass.swift"; sourceTree = "<group>"; };
		2916EE4E252CB2E8000E6ACE /* Authorization+CoreDataProperties.swift */ = {isa = PBXFileReference; lastKnownFileType = sourcecode.swift; path = "Authorization+CoreDataProperties.swift"; sourceTree = "<group>"; };
		293FC327252DA77700DD7757 /* ProfileViewModelTests.swift */ = {isa = PBXFileReference; lastKnownFileType = sourcecode.swift; path = ProfileViewModelTests.swift; sourceTree = "<group>"; };
		293FC362252DB04300DD7757 /* CoreDataServiceTests.swift */ = {isa = PBXFileReference; lastKnownFileType = sourcecode.swift; path = CoreDataServiceTests.swift; sourceTree = "<group>"; };
		293FC36D252DB17000DD7757 /* CoreDataService.swift */ = {isa = PBXFileReference; lastKnownFileType = sourcecode.swift; path = CoreDataService.swift; sourceTree = "<group>"; };
		29756C07252D01FF00DF6704 /* Constants.swift */ = {isa = PBXFileReference; lastKnownFileType = sourcecode.swift; path = Constants.swift; sourceTree = "<group>"; };
		29756C5E252D967C00DF6704 /* CustomErrors.swift */ = {isa = PBXFileReference; lastKnownFileType = sourcecode.swift; path = CustomErrors.swift; sourceTree = "<group>"; };
		29756C64252D96A400DF6704 /* UIImageView.swift */ = {isa = PBXFileReference; lastKnownFileType = sourcecode.swift; path = UIImageView.swift; sourceTree = "<group>"; };
		29756C6D252D972A00DF6704 /* SessionAuthorization.swift */ = {isa = PBXFileReference; lastKnownFileType = sourcecode.swift; path = SessionAuthorization.swift; sourceTree = "<group>"; };
		29756C72252D976600DF6704 /* ProfileList.swift */ = {isa = PBXFileReference; lastKnownFileType = sourcecode.swift; path = ProfileList.swift; sourceTree = "<group>"; };
		29756CAA252DA59700DF6704 /* LogInViewModelTests.swift */ = {isa = PBXFileReference; lastKnownFileType = sourcecode.swift; path = LogInViewModelTests.swift; sourceTree = "<group>"; };
		29987199252C6531000D86BC /* ProfileViewModel.swift */ = {isa = PBXFileReference; lastKnownFileType = sourcecode.swift; path = ProfileViewModel.swift; sourceTree = "<group>"; };
		29EB01F9252B623400DA8EA3 /* MorpheusTechTask.app */ = {isa = PBXFileReference; explicitFileType = wrapper.application; includeInIndex = 0; path = MorpheusTechTask.app; sourceTree = BUILT_PRODUCTS_DIR; };
		29EB01FC252B623400DA8EA3 /* AppDelegate.swift */ = {isa = PBXFileReference; lastKnownFileType = sourcecode.swift; path = AppDelegate.swift; sourceTree = "<group>"; };
		29EB01FE252B623400DA8EA3 /* SceneDelegate.swift */ = {isa = PBXFileReference; lastKnownFileType = sourcecode.swift; path = SceneDelegate.swift; sourceTree = "<group>"; };
		29EB0200252B623400DA8EA3 /* ViewController.swift */ = {isa = PBXFileReference; lastKnownFileType = sourcecode.swift; path = ViewController.swift; sourceTree = "<group>"; };
		29EB0203252B623400DA8EA3 /* Base */ = {isa = PBXFileReference; lastKnownFileType = file.storyboard; name = Base; path = Base.lproj/Main.storyboard; sourceTree = "<group>"; };
		29EB0205252B623600DA8EA3 /* Assets.xcassets */ = {isa = PBXFileReference; lastKnownFileType = folder.assetcatalog; path = Assets.xcassets; sourceTree = "<group>"; };
		29EB0208252B623600DA8EA3 /* Base */ = {isa = PBXFileReference; lastKnownFileType = file.storyboard; name = Base; path = Base.lproj/LaunchScreen.storyboard; sourceTree = "<group>"; };
		29EB020A252B623600DA8EA3 /* Info.plist */ = {isa = PBXFileReference; lastKnownFileType = text.plist.xml; path = Info.plist; sourceTree = "<group>"; };
		29EB020F252B623600DA8EA3 /* MorpheusTechTaskTests.xctest */ = {isa = PBXFileReference; explicitFileType = wrapper.cfbundle; includeInIndex = 0; path = MorpheusTechTaskTests.xctest; sourceTree = BUILT_PRODUCTS_DIR; };
		29EB0215252B623600DA8EA3 /* Info.plist */ = {isa = PBXFileReference; lastKnownFileType = text.plist.xml; path = Info.plist; sourceTree = "<group>"; };
		29EB021A252B623600DA8EA3 /* MorpheusTechTaskUITests.xctest */ = {isa = PBXFileReference; explicitFileType = wrapper.cfbundle; includeInIndex = 0; path = MorpheusTechTaskUITests.xctest; sourceTree = BUILT_PRODUCTS_DIR; };
		29EB021E252B623600DA8EA3 /* MorpheusTechTaskUITests.swift */ = {isa = PBXFileReference; lastKnownFileType = sourcecode.swift; path = MorpheusTechTaskUITests.swift; sourceTree = "<group>"; };
		29EB0220252B623600DA8EA3 /* Info.plist */ = {isa = PBXFileReference; lastKnownFileType = text.plist.xml; path = Info.plist; sourceTree = "<group>"; };
		29EB0230252B64A400DA8EA3 /* LogInViewController.swift */ = {isa = PBXFileReference; lastKnownFileType = sourcecode.swift; path = LogInViewController.swift; sourceTree = "<group>"; };
		29EB0231252B64A400DA8EA3 /* LogInViewController.xib */ = {isa = PBXFileReference; lastKnownFileType = file.xib; path = LogInViewController.xib; sourceTree = "<group>"; };
		29EB023A252B64BF00DA8EA3 /* LogInViewModel.swift */ = {isa = PBXFileReference; lastKnownFileType = sourcecode.swift; path = LogInViewModel.swift; sourceTree = "<group>"; };
		29EB0259252C62E100DA8EA3 /* ProfileListViewController.swift */ = {isa = PBXFileReference; lastKnownFileType = sourcecode.swift; path = ProfileListViewController.swift; sourceTree = "<group>"; };
		29EB025A252C62E100DA8EA3 /* ProfileListViewController.xib */ = {isa = PBXFileReference; lastKnownFileType = file.xib; path = ProfileListViewController.xib; sourceTree = "<group>"; };
		29EB0265252C63E600DA8EA3 /* ProfileTableViewCell.swift */ = {isa = PBXFileReference; lastKnownFileType = sourcecode.swift; path = ProfileTableViewCell.swift; sourceTree = "<group>"; };
		29EB0266252C63E600DA8EA3 /* ProfileTableViewCell.xib */ = {isa = PBXFileReference; lastKnownFileType = file.xib; path = ProfileTableViewCell.xib; sourceTree = "<group>"; };
/* End PBXFileReference section */

/* Begin PBXFrameworksBuildPhase section */
		29EB01F6252B623400DA8EA3 /* Frameworks */ = {
			isa = PBXFrameworksBuildPhase;
			buildActionMask = 2147483647;
			files = (
			);
			runOnlyForDeploymentPostprocessing = 0;
		};
		29EB020C252B623600DA8EA3 /* Frameworks */ = {
			isa = PBXFrameworksBuildPhase;
			buildActionMask = 2147483647;
			files = (
			);
			runOnlyForDeploymentPostprocessing = 0;
		};
		29EB0217252B623600DA8EA3 /* Frameworks */ = {
			isa = PBXFrameworksBuildPhase;
			buildActionMask = 2147483647;
			files = (
			);
			runOnlyForDeploymentPostprocessing = 0;
		};
/* End PBXFrameworksBuildPhase section */

/* Begin PBXGroup section */
		29756C5D252D966B00DF6704 /* Custom */ = {
			isa = PBXGroup;
			children = (
				29756C5E252D967C00DF6704 /* CustomErrors.swift */,
			);
			path = Custom;
			sourceTree = "<group>";
		};
		29756C63252D969500DF6704 /* Extensions */ = {
			isa = PBXGroup;
			children = (
				29756C64252D96A400DF6704 /* UIImageView.swift */,
			);
			path = Extensions;
			sourceTree = "<group>";
		};
		29756C6C252D96EC00DF6704 /* Model */ = {
			isa = PBXGroup;
			children = (
				2916EE4D252CB2E8000E6ACE /* Authorization+CoreDataClass.swift */,
				2916EE4E252CB2E8000E6ACE /* Authorization+CoreDataProperties.swift */,
				29756C6D252D972A00DF6704 /* SessionAuthorization.swift */,
				29756C72252D976600DF6704 /* ProfileList.swift */,
			);
			path = Model;
			sourceTree = "<group>";
		};
		29EB01F0252B623400DA8EA3 = {
			isa = PBXGroup;
			children = (
				29EB01FB252B623400DA8EA3 /* MorpheusTechTask */,
				29EB0212252B623600DA8EA3 /* MorpheusTechTaskTests */,
				29EB021D252B623600DA8EA3 /* MorpheusTechTaskUITests */,
				29EB01FA252B623400DA8EA3 /* Products */,
			);
			sourceTree = "<group>";
		};
		29EB01FA252B623400DA8EA3 /* Products */ = {
			isa = PBXGroup;
			children = (
				29EB01F9252B623400DA8EA3 /* MorpheusTechTask.app */,
				29EB020F252B623600DA8EA3 /* MorpheusTechTaskTests.xctest */,
				29EB021A252B623600DA8EA3 /* MorpheusTechTaskUITests.xctest */,
			);
			name = Products;
			sourceTree = "<group>";
		};
		29EB01FB252B623400DA8EA3 /* MorpheusTechTask */ = {
			isa = PBXGroup;
			children = (
				29756C6C252D96EC00DF6704 /* Model */,
				29756C63252D969500DF6704 /* Extensions */,
				29756C5D252D966B00DF6704 /* Custom */,
				29EB0260252C639F00DA8EA3 /* Profiles */,
				29EB022F252B648100DA8EA3 /* Log In */,
				29EB01FC252B623400DA8EA3 /* AppDelegate.swift */,
				29EB01FE252B623400DA8EA3 /* SceneDelegate.swift */,
				29EB0200252B623400DA8EA3 /* ViewController.swift */,
				29EB0202252B623400DA8EA3 /* Main.storyboard */,
				29EB0205252B623600DA8EA3 /* Assets.xcassets */,
				29EB0207252B623600DA8EA3 /* LaunchScreen.storyboard */,
				29EB020A252B623600DA8EA3 /* Info.plist */,
				2916EE47252CB224000E6ACE /* MorpheusTechTask.xcdatamodeld */,
				29756C07252D01FF00DF6704 /* Constants.swift */,
				293FC36D252DB17000DD7757 /* CoreDataService.swift */,
			);
			path = MorpheusTechTask;
			sourceTree = "<group>";
		};
		29EB0212252B623600DA8EA3 /* MorpheusTechTaskTests */ = {
			isa = PBXGroup;
			children = (
				29EB0215252B623600DA8EA3 /* Info.plist */,
				29756CAA252DA59700DF6704 /* LogInViewModelTests.swift */,
				293FC327252DA77700DD7757 /* ProfileViewModelTests.swift */,
				293FC362252DB04300DD7757 /* CoreDataServiceTests.swift */,
			);
			path = MorpheusTechTaskTests;
			sourceTree = "<group>";
		};
		29EB021D252B623600DA8EA3 /* MorpheusTechTaskUITests */ = {
			isa = PBXGroup;
			children = (
				29EB021E252B623600DA8EA3 /* MorpheusTechTaskUITests.swift */,
				29EB0220252B623600DA8EA3 /* Info.plist */,
			);
			path = MorpheusTechTaskUITests;
			sourceTree = "<group>";
		};
		29EB022F252B648100DA8EA3 /* Log In */ = {
			isa = PBXGroup;
			children = (
				29EB0230252B64A400DA8EA3 /* LogInViewController.swift */,
				29EB0231252B64A400DA8EA3 /* LogInViewController.xib */,
				29EB023A252B64BF00DA8EA3 /* LogInViewModel.swift */,
			);
			path = "Log In";
			sourceTree = "<group>";
		};
		29EB0260252C639F00DA8EA3 /* Profiles */ = {
			isa = PBXGroup;
			children = (
				29EB0261252C63AB00DA8EA3 /* Cell */,
				29EB0259252C62E100DA8EA3 /* ProfileListViewController.swift */,
				29EB025A252C62E100DA8EA3 /* ProfileListViewController.xib */,
				29987199252C6531000D86BC /* ProfileViewModel.swift */,
			);
			path = Profiles;
			sourceTree = "<group>";
		};
		29EB0261252C63AB00DA8EA3 /* Cell */ = {
			isa = PBXGroup;
			children = (
				29EB0265252C63E600DA8EA3 /* ProfileTableViewCell.swift */,
				29EB0266252C63E600DA8EA3 /* ProfileTableViewCell.xib */,
			);
			path = Cell;
			sourceTree = "<group>";
		};
/* End PBXGroup section */

/* Begin PBXNativeTarget section */
		29EB01F8252B623400DA8EA3 /* MorpheusTechTask */ = {
			isa = PBXNativeTarget;
			buildConfigurationList = 29EB0223252B623600DA8EA3 /* Build configuration list for PBXNativeTarget "MorpheusTechTask" */;
			buildPhases = (
				29EB01F5252B623400DA8EA3 /* Sources */,
				29EB01F6252B623400DA8EA3 /* Frameworks */,
				29EB01F7252B623400DA8EA3 /* Resources */,
			);
			buildRules = (
			);
			dependencies = (
			);
			name = MorpheusTechTask;
			productName = MorpheusTechTask;
			productReference = 29EB01F9252B623400DA8EA3 /* MorpheusTechTask.app */;
			productType = "com.apple.product-type.application";
		};
		29EB020E252B623600DA8EA3 /* MorpheusTechTaskTests */ = {
			isa = PBXNativeTarget;
			buildConfigurationList = 29EB0226252B623600DA8EA3 /* Build configuration list for PBXNativeTarget "MorpheusTechTaskTests" */;
			buildPhases = (
				29EB020B252B623600DA8EA3 /* Sources */,
				29EB020C252B623600DA8EA3 /* Frameworks */,
				29EB020D252B623600DA8EA3 /* Resources */,
			);
			buildRules = (
			);
			dependencies = (
				29EB0211252B623600DA8EA3 /* PBXTargetDependency */,
			);
			name = MorpheusTechTaskTests;
			productName = MorpheusTechTaskTests;
			productReference = 29EB020F252B623600DA8EA3 /* MorpheusTechTaskTests.xctest */;
			productType = "com.apple.product-type.bundle.unit-test";
		};
		29EB0219252B623600DA8EA3 /* MorpheusTechTaskUITests */ = {
			isa = PBXNativeTarget;
			buildConfigurationList = 29EB0229252B623600DA8EA3 /* Build configuration list for PBXNativeTarget "MorpheusTechTaskUITests" */;
			buildPhases = (
				29EB0216252B623600DA8EA3 /* Sources */,
				29EB0217252B623600DA8EA3 /* Frameworks */,
				29EB0218252B623600DA8EA3 /* Resources */,
			);
			buildRules = (
			);
			dependencies = (
				29EB021C252B623600DA8EA3 /* PBXTargetDependency */,
			);
			name = MorpheusTechTaskUITests;
			productName = MorpheusTechTaskUITests;
			productReference = 29EB021A252B623600DA8EA3 /* MorpheusTechTaskUITests.xctest */;
			productType = "com.apple.product-type.bundle.ui-testing";
		};
/* End PBXNativeTarget section */

/* Begin PBXProject section */
		29EB01F1252B623400DA8EA3 /* Project object */ = {
			isa = PBXProject;
			attributes = {
				LastSwiftUpdateCheck = 1200;
				LastUpgradeCheck = 1200;
				TargetAttributes = {
					29EB01F8252B623400DA8EA3 = {
						CreatedOnToolsVersion = 12.0.1;
					};
					29EB020E252B623600DA8EA3 = {
						CreatedOnToolsVersion = 12.0.1;
						TestTargetID = 29EB01F8252B623400DA8EA3;
					};
					29EB0219252B623600DA8EA3 = {
						CreatedOnToolsVersion = 12.0.1;
						TestTargetID = 29EB01F8252B623400DA8EA3;
					};
				};
			};
			buildConfigurationList = 29EB01F4252B623400DA8EA3 /* Build configuration list for PBXProject "MorpheusTechTask" */;
			compatibilityVersion = "Xcode 9.3";
			developmentRegion = en;
			hasScannedForEncodings = 0;
			knownRegions = (
				en,
				Base,
			);
			mainGroup = 29EB01F0252B623400DA8EA3;
			productRefGroup = 29EB01FA252B623400DA8EA3 /* Products */;
			projectDirPath = "";
			projectRoot = "";
			targets = (
				29EB01F8252B623400DA8EA3 /* MorpheusTechTask */,
				29EB020E252B623600DA8EA3 /* MorpheusTechTaskTests */,
				29EB0219252B623600DA8EA3 /* MorpheusTechTaskUITests */,
			);
		};
/* End PBXProject section */

/* Begin PBXResourcesBuildPhase section */
		29EB01F7252B623400DA8EA3 /* Resources */ = {
			isa = PBXResourcesBuildPhase;
			buildActionMask = 2147483647;
			files = (
				29EB025C252C62E100DA8EA3 /* ProfileListViewController.xib in Resources */,
				29EB0233252B64A400DA8EA3 /* LogInViewController.xib in Resources */,
				29EB0209252B623600DA8EA3 /* LaunchScreen.storyboard in Resources */,
				29EB0206252B623600DA8EA3 /* Assets.xcassets in Resources */,
				29EB0204252B623400DA8EA3 /* Main.storyboard in Resources */,
				29EB0268252C63E600DA8EA3 /* ProfileTableViewCell.xib in Resources */,
			);
			runOnlyForDeploymentPostprocessing = 0;
		};
		29EB020D252B623600DA8EA3 /* Resources */ = {
			isa = PBXResourcesBuildPhase;
			buildActionMask = 2147483647;
			files = (
			);
			runOnlyForDeploymentPostprocessing = 0;
		};
		29EB0218252B623600DA8EA3 /* Resources */ = {
			isa = PBXResourcesBuildPhase;
			buildActionMask = 2147483647;
			files = (
			);
			runOnlyForDeploymentPostprocessing = 0;
		};
/* End PBXResourcesBuildPhase section */

/* Begin PBXSourcesBuildPhase section */
		29EB01F5252B623400DA8EA3 /* Sources */ = {
			isa = PBXSourcesBuildPhase;
			buildActionMask = 2147483647;
			files = (
				293FC36E252DB17000DD7757 /* CoreDataService.swift in Sources */,
				29EB0232252B64A400DA8EA3 /* LogInViewController.swift in Sources */,
				2916EE4F252CB2E8000E6ACE /* Authorization+CoreDataClass.swift in Sources */,
				29756C65252D96A400DF6704 /* UIImageView.swift in Sources */,
				29EB0267252C63E600DA8EA3 /* ProfileTableViewCell.swift in Sources */,
				29EB023B252B64BF00DA8EA3 /* LogInViewModel.swift in Sources */,
				29756C5F252D967C00DF6704 /* CustomErrors.swift in Sources */,
				29EB0201252B623400DA8EA3 /* ViewController.swift in Sources */,
				29EB01FD252B623400DA8EA3 /* AppDelegate.swift in Sources */,
				29EB025B252C62E100DA8EA3 /* ProfileListViewController.swift in Sources */,
				29756C73252D976600DF6704 /* ProfileList.swift in Sources */,
				2916EE50252CB2E8000E6ACE /* Authorization+CoreDataProperties.swift in Sources */,
				2916EE49252CB224000E6ACE /* MorpheusTechTask.xcdatamodeld in Sources */,
				29756C6E252D972A00DF6704 /* SessionAuthorization.swift in Sources */,
				2998719A252C6531000D86BC /* ProfileViewModel.swift in Sources */,
				29EB01FF252B623400DA8EA3 /* SceneDelegate.swift in Sources */,
				29756C08252D01FF00DF6704 /* Constants.swift in Sources */,
			);
			runOnlyForDeploymentPostprocessing = 0;
		};
		29EB020B252B623600DA8EA3 /* Sources */ = {
			isa = PBXSourcesBuildPhase;
			buildActionMask = 2147483647;
			files = (
				293FC363252DB04300DD7757 /* CoreDataServiceTests.swift in Sources */,
				293FC328252DA77700DD7757 /* ProfileViewModelTests.swift in Sources */,
				29756CAB252DA59700DF6704 /* LogInViewModelTests.swift in Sources */,
			);
			runOnlyForDeploymentPostprocessing = 0;
		};
		29EB0216252B623600DA8EA3 /* Sources */ = {
			isa = PBXSourcesBuildPhase;
			buildActionMask = 2147483647;
			files = (
				29EB021F252B623600DA8EA3 /* MorpheusTechTaskUITests.swift in Sources */,
			);
			runOnlyForDeploymentPostprocessing = 0;
		};
/* End PBXSourcesBuildPhase section */

/* Begin PBXTargetDependency section */
		29EB0211252B623600DA8EA3 /* PBXTargetDependency */ = {
			isa = PBXTargetDependency;
			target = 29EB01F8252B623400DA8EA3 /* MorpheusTechTask */;
			targetProxy = 29EB0210252B623600DA8EA3 /* PBXContainerItemProxy */;
		};
		29EB021C252B623600DA8EA3 /* PBXTargetDependency */ = {
			isa = PBXTargetDependency;
			target = 29EB01F8252B623400DA8EA3 /* MorpheusTechTask */;
			targetProxy = 29EB021B252B623600DA8EA3 /* PBXContainerItemProxy */;
		};
/* End PBXTargetDependency section */

/* Begin PBXVariantGroup section */
		29EB0202252B623400DA8EA3 /* Main.storyboard */ = {
			isa = PBXVariantGroup;
			children = (
				29EB0203252B623400DA8EA3 /* Base */,
			);
			name = Main.storyboard;
			sourceTree = "<group>";
		};
		29EB0207252B623600DA8EA3 /* LaunchScreen.storyboard */ = {
			isa = PBXVariantGroup;
			children = (
				29EB0208252B623600DA8EA3 /* Base */,
			);
			name = LaunchScreen.storyboard;
			sourceTree = "<group>";
		};
/* End PBXVariantGroup section */

/* Begin XCBuildConfiguration section */
		29EB0221252B623600DA8EA3 /* Debug */ = {
			isa = XCBuildConfiguration;
			buildSettings = {
				ALWAYS_SEARCH_USER_PATHS = NO;
				CLANG_ANALYZER_NONNULL = YES;
				CLANG_ANALYZER_NUMBER_OBJECT_CONVERSION = YES_AGGRESSIVE;
				CLANG_CXX_LANGUAGE_STANDARD = "gnu++14";
				CLANG_CXX_LIBRARY = "libc++";
				CLANG_ENABLE_MODULES = YES;
				CLANG_ENABLE_OBJC_ARC = YES;
				CLANG_ENABLE_OBJC_WEAK = YES;
				CLANG_WARN_BLOCK_CAPTURE_AUTORELEASING = YES;
				CLANG_WARN_BOOL_CONVERSION = YES;
				CLANG_WARN_COMMA = YES;
				CLANG_WARN_CONSTANT_CONVERSION = YES;
				CLANG_WARN_DEPRECATED_OBJC_IMPLEMENTATIONS = YES;
				CLANG_WARN_DIRECT_OBJC_ISA_USAGE = YES_ERROR;
				CLANG_WARN_DOCUMENTATION_COMMENTS = YES;
				CLANG_WARN_EMPTY_BODY = YES;
				CLANG_WARN_ENUM_CONVERSION = YES;
				CLANG_WARN_INFINITE_RECURSION = YES;
				CLANG_WARN_INT_CONVERSION = YES;
				CLANG_WARN_NON_LITERAL_NULL_CONVERSION = YES;
				CLANG_WARN_OBJC_IMPLICIT_RETAIN_SELF = YES;
				CLANG_WARN_OBJC_LITERAL_CONVERSION = YES;
				CLANG_WARN_OBJC_ROOT_CLASS = YES_ERROR;
				CLANG_WARN_QUOTED_INCLUDE_IN_FRAMEWORK_HEADER = YES;
				CLANG_WARN_RANGE_LOOP_ANALYSIS = YES;
				CLANG_WARN_STRICT_PROTOTYPES = YES;
				CLANG_WARN_SUSPICIOUS_MOVE = YES;
				CLANG_WARN_UNGUARDED_AVAILABILITY = YES_AGGRESSIVE;
				CLANG_WARN_UNREACHABLE_CODE = YES;
				CLANG_WARN__DUPLICATE_METHOD_MATCH = YES;
				COPY_PHASE_STRIP = NO;
				DEBUG_INFORMATION_FORMAT = dwarf;
				ENABLE_STRICT_OBJC_MSGSEND = YES;
				ENABLE_TESTABILITY = YES;
				GCC_C_LANGUAGE_STANDARD = gnu11;
				GCC_DYNAMIC_NO_PIC = NO;
				GCC_NO_COMMON_BLOCKS = YES;
				GCC_OPTIMIZATION_LEVEL = 0;
				GCC_PREPROCESSOR_DEFINITIONS = (
					"DEBUG=1",
					"$(inherited)",
				);
				GCC_WARN_64_TO_32_BIT_CONVERSION = YES;
				GCC_WARN_ABOUT_RETURN_TYPE = YES_ERROR;
				GCC_WARN_UNDECLARED_SELECTOR = YES;
				GCC_WARN_UNINITIALIZED_AUTOS = YES_AGGRESSIVE;
				GCC_WARN_UNUSED_FUNCTION = YES;
				GCC_WARN_UNUSED_VARIABLE = YES;
				IPHONEOS_DEPLOYMENT_TARGET = 14.0;
				MTL_ENABLE_DEBUG_INFO = INCLUDE_SOURCE;
				MTL_FAST_MATH = YES;
				ONLY_ACTIVE_ARCH = YES;
				SDKROOT = iphoneos;
				SWIFT_ACTIVE_COMPILATION_CONDITIONS = DEBUG;
				SWIFT_OPTIMIZATION_LEVEL = "-Onone";
			};
			name = Debug;
		};
		29EB0222252B623600DA8EA3 /* Release */ = {
			isa = XCBuildConfiguration;
			buildSettings = {
				ALWAYS_SEARCH_USER_PATHS = NO;
				CLANG_ANALYZER_NONNULL = YES;
				CLANG_ANALYZER_NUMBER_OBJECT_CONVERSION = YES_AGGRESSIVE;
				CLANG_CXX_LANGUAGE_STANDARD = "gnu++14";
				CLANG_CXX_LIBRARY = "libc++";
				CLANG_ENABLE_MODULES = YES;
				CLANG_ENABLE_OBJC_ARC = YES;
				CLANG_ENABLE_OBJC_WEAK = YES;
				CLANG_WARN_BLOCK_CAPTURE_AUTORELEASING = YES;
				CLANG_WARN_BOOL_CONVERSION = YES;
				CLANG_WARN_COMMA = YES;
				CLANG_WARN_CONSTANT_CONVERSION = YES;
				CLANG_WARN_DEPRECATED_OBJC_IMPLEMENTATIONS = YES;
				CLANG_WARN_DIRECT_OBJC_ISA_USAGE = YES_ERROR;
				CLANG_WARN_DOCUMENTATION_COMMENTS = YES;
				CLANG_WARN_EMPTY_BODY = YES;
				CLANG_WARN_ENUM_CONVERSION = YES;
				CLANG_WARN_INFINITE_RECURSION = YES;
				CLANG_WARN_INT_CONVERSION = YES;
				CLANG_WARN_NON_LITERAL_NULL_CONVERSION = YES;
				CLANG_WARN_OBJC_IMPLICIT_RETAIN_SELF = YES;
				CLANG_WARN_OBJC_LITERAL_CONVERSION = YES;
				CLANG_WARN_OBJC_ROOT_CLASS = YES_ERROR;
				CLANG_WARN_QUOTED_INCLUDE_IN_FRAMEWORK_HEADER = YES;
				CLANG_WARN_RANGE_LOOP_ANALYSIS = YES;
				CLANG_WARN_STRICT_PROTOTYPES = YES;
				CLANG_WARN_SUSPICIOUS_MOVE = YES;
				CLANG_WARN_UNGUARDED_AVAILABILITY = YES_AGGRESSIVE;
				CLANG_WARN_UNREACHABLE_CODE = YES;
				CLANG_WARN__DUPLICATE_METHOD_MATCH = YES;
				COPY_PHASE_STRIP = NO;
				DEBUG_INFORMATION_FORMAT = "dwarf-with-dsym";
				ENABLE_NS_ASSERTIONS = NO;
				ENABLE_STRICT_OBJC_MSGSEND = YES;
				GCC_C_LANGUAGE_STANDARD = gnu11;
				GCC_NO_COMMON_BLOCKS = YES;
				GCC_WARN_64_TO_32_BIT_CONVERSION = YES;
				GCC_WARN_ABOUT_RETURN_TYPE = YES_ERROR;
				GCC_WARN_UNDECLARED_SELECTOR = YES;
				GCC_WARN_UNINITIALIZED_AUTOS = YES_AGGRESSIVE;
				GCC_WARN_UNUSED_FUNCTION = YES;
				GCC_WARN_UNUSED_VARIABLE = YES;
				IPHONEOS_DEPLOYMENT_TARGET = 14.0;
				MTL_ENABLE_DEBUG_INFO = NO;
				MTL_FAST_MATH = YES;
				SDKROOT = iphoneos;
				SWIFT_COMPILATION_MODE = wholemodule;
				SWIFT_OPTIMIZATION_LEVEL = "-O";
				VALIDATE_PRODUCT = YES;
			};
			name = Release;
		};
		29EB0224252B623600DA8EA3 /* Debug */ = {
			isa = XCBuildConfiguration;
			buildSettings = {
				ASSETCATALOG_COMPILER_APPICON_NAME = AppIcon;
				ASSETCATALOG_COMPILER_GLOBAL_ACCENT_COLOR_NAME = AccentColor;
				CODE_SIGN_STYLE = Automatic;
				DEVELOPMENT_TEAM = 8J39ZV5WFG;
				INFOPLIST_FILE = MorpheusTechTask/Info.plist;
				LD_RUNPATH_SEARCH_PATHS = (
					"$(inherited)",
					"@executable_path/Frameworks",
				);
				PRODUCT_BUNDLE_IDENTIFIER = JackBridges.MorpheusTechTask;
				PRODUCT_NAME = "$(TARGET_NAME)";
				SWIFT_VERSION = 5.0;
				TARGETED_DEVICE_FAMILY = "1,2";
			};
			name = Debug;
		};
		29EB0225252B623600DA8EA3 /* Release */ = {
			isa = XCBuildConfiguration;
			buildSettings = {
				ASSETCATALOG_COMPILER_APPICON_NAME = AppIcon;
				ASSETCATALOG_COMPILER_GLOBAL_ACCENT_COLOR_NAME = AccentColor;
				CODE_SIGN_STYLE = Automatic;
				DEVELOPMENT_TEAM = 8J39ZV5WFG;
				INFOPLIST_FILE = MorpheusTechTask/Info.plist;
				LD_RUNPATH_SEARCH_PATHS = (
					"$(inherited)",
					"@executable_path/Frameworks",
				);
				PRODUCT_BUNDLE_IDENTIFIER = JackBridges.MorpheusTechTask;
				PRODUCT_NAME = "$(TARGET_NAME)";
				SWIFT_VERSION = 5.0;
				TARGETED_DEVICE_FAMILY = "1,2";
			};
			name = Release;
		};
		29EB0227252B623600DA8EA3 /* Debug */ = {
			isa = XCBuildConfiguration;
			buildSettings = {
				ALWAYS_EMBED_SWIFT_STANDARD_LIBRARIES = YES;
				BUNDLE_LOADER = "$(TEST_HOST)";
				CODE_SIGN_STYLE = Automatic;
				DEVELOPMENT_TEAM = 8J39ZV5WFG;
				INFOPLIST_FILE = MorpheusTechTaskTests/Info.plist;
				IPHONEOS_DEPLOYMENT_TARGET = 14.0;
				LD_RUNPATH_SEARCH_PATHS = (
					"$(inherited)",
					"@executable_path/Frameworks",
					"@loader_path/Frameworks",
				);
				PRODUCT_BUNDLE_IDENTIFIER = JackBridges.MorpheusTechTaskTests;
				PRODUCT_NAME = "$(TARGET_NAME)";
				SWIFT_VERSION = 5.0;
				TARGETED_DEVICE_FAMILY = "1,2";
				TEST_HOST = "$(BUILT_PRODUCTS_DIR)/MorpheusTechTask.app/MorpheusTechTask";
			};
			name = Debug;
		};
		29EB0228252B623600DA8EA3 /* Release */ = {
			isa = XCBuildConfiguration;
			buildSettings = {
				ALWAYS_EMBED_SWIFT_STANDARD_LIBRARIES = YES;
				BUNDLE_LOADER = "$(TEST_HOST)";
				CODE_SIGN_STYLE = Automatic;
				DEVELOPMENT_TEAM = 8J39ZV5WFG;
				INFOPLIST_FILE = MorpheusTechTaskTests/Info.plist;
				IPHONEOS_DEPLOYMENT_TARGET = 14.0;
				LD_RUNPATH_SEARCH_PATHS = (
					"$(inherited)",
					"@executable_path/Frameworks",
					"@loader_path/Frameworks",
				);
				PRODUCT_BUNDLE_IDENTIFIER = JackBridges.MorpheusTechTaskTests;
				PRODUCT_NAME = "$(TARGET_NAME)";
				SWIFT_VERSION = 5.0;
				TARGETED_DEVICE_FAMILY = "1,2";
				TEST_HOST = "$(BUILT_PRODUCTS_DIR)/MorpheusTechTask.app/MorpheusTechTask";
			};
			name = Release;
		};
		29EB022A252B623600DA8EA3 /* Debug */ = {
			isa = XCBuildConfiguration;
			buildSettings = {
				ALWAYS_EMBED_SWIFT_STANDARD_LIBRARIES = YES;
				CODE_SIGN_STYLE = Automatic;
				DEVELOPMENT_TEAM = 8J39ZV5WFG;
				INFOPLIST_FILE = MorpheusTechTaskUITests/Info.plist;
				LD_RUNPATH_SEARCH_PATHS = (
					"$(inherited)",
					"@executable_path/Frameworks",
					"@loader_path/Frameworks",
				);
				PRODUCT_BUNDLE_IDENTIFIER = JackBridges.MorpheusTechTaskUITests;
				PRODUCT_NAME = "$(TARGET_NAME)";
				SWIFT_VERSION = 5.0;
				TARGETED_DEVICE_FAMILY = "1,2";
				TEST_TARGET_NAME = MorpheusTechTask;
			};
			name = Debug;
		};
		29EB022B252B623600DA8EA3 /* Release */ = {
			isa = XCBuildConfiguration;
			buildSettings = {
				ALWAYS_EMBED_SWIFT_STANDARD_LIBRARIES = YES;
				CODE_SIGN_STYLE = Automatic;
				DEVELOPMENT_TEAM = 8J39ZV5WFG;
				INFOPLIST_FILE = MorpheusTechTaskUITests/Info.plist;
				LD_RUNPATH_SEARCH_PATHS = (
					"$(inherited)",
					"@executable_path/Frameworks",
					"@loader_path/Frameworks",
				);
				PRODUCT_BUNDLE_IDENTIFIER = JackBridges.MorpheusTechTaskUITests;
				PRODUCT_NAME = "$(TARGET_NAME)";
				SWIFT_VERSION = 5.0;
				TARGETED_DEVICE_FAMILY = "1,2";
				TEST_TARGET_NAME = MorpheusTechTask;
			};
			name = Release;
		};
/* End XCBuildConfiguration section */

/* Begin XCConfigurationList section */
		29EB01F4252B623400DA8EA3 /* Build configuration list for PBXProject "MorpheusTechTask" */ = {
			isa = XCConfigurationList;
			buildConfigurations = (
				29EB0221252B623600DA8EA3 /* Debug */,
				29EB0222252B623600DA8EA3 /* Release */,
			);
			defaultConfigurationIsVisible = 0;
			defaultConfigurationName = Release;
		};
		29EB0223252B623600DA8EA3 /* Build configuration list for PBXNativeTarget "MorpheusTechTask" */ = {
			isa = XCConfigurationList;
			buildConfigurations = (
				29EB0224252B623600DA8EA3 /* Debug */,
				29EB0225252B623600DA8EA3 /* Release */,
			);
			defaultConfigurationIsVisible = 0;
			defaultConfigurationName = Release;
		};
		29EB0226252B623600DA8EA3 /* Build configuration list for PBXNativeTarget "MorpheusTechTaskTests" */ = {
			isa = XCConfigurationList;
			buildConfigurations = (
				29EB0227252B623600DA8EA3 /* Debug */,
				29EB0228252B623600DA8EA3 /* Release */,
			);
			defaultConfigurationIsVisible = 0;
			defaultConfigurationName = Release;
		};
		29EB0229252B623600DA8EA3 /* Build configuration list for PBXNativeTarget "MorpheusTechTaskUITests" */ = {
			isa = XCConfigurationList;
			buildConfigurations = (
				29EB022A252B623600DA8EA3 /* Debug */,
				29EB022B252B623600DA8EA3 /* Release */,
			);
			defaultConfigurationIsVisible = 0;
			defaultConfigurationName = Release;
		};
/* End XCConfigurationList section */

/* Begin XCVersionGroup section */
		2916EE47252CB224000E6ACE /* MorpheusTechTask.xcdatamodeld */ = {
			isa = XCVersionGroup;
			children = (
				2916EE48252CB224000E6ACE /* AuthToken.xcdatamodel */,
			);
			currentVersion = 2916EE48252CB224000E6ACE /* AuthToken.xcdatamodel */;
			path = MorpheusTechTask.xcdatamodeld;
			sourceTree = "<group>";
			versionGroupType = wrapper.xcdatamodel;
		};
/* End XCVersionGroup section */
	};
	rootObject = 29EB01F1252B623400DA8EA3 /* Project object */;
}
